
Microsoft Visual Studio Solution File, Format Version 12.00
# Visual Studio 2013
VisualStudioVersion = 12.0.31101.0
MinimumVisualStudioVersion = 10.0.40219.1
Project("{FAE04EC0-301F-11D3-BF4B-00C04F79EFBC}") = "Transactions.Models", "Transactions.Models\Transactions.Models.csproj", "{33F8033E-443D-4D6A-8AE0-EF726BFB0930}"
EndProject
Project("{FAE04EC0-301F-11D3-BF4B-00C04F79EFBC}") = "Transactions.Data", "Transactions.Data\Transactions.Data.csproj", "{FEC21F24-27A0-4BAF-B98C-9C2E7825C05F}"
EndProject
Project("{FAE04EC0-301F-11D3-BF4B-00C04F79EFBC}") = "Transactions.ConsoleClient", "Transactions.ConsoleClient\Transactions.ConsoleClient.csproj", "{718B39E5-D852-480B-A1A3-89511AA680D3}"
EndProject
Global
	GlobalSection(SolutionConfigurationPlatforms) = preSolution
		Debug|Any CPU = Debug|Any CPU
		Release|Any CPU = Release|Any CPU
	EndGlobalSection
	GlobalSection(ProjectConfigurationPlatforms) = postSolution
		{33F8033E-443D-4D6A-8AE0-EF726BFB0930}.Debug|Any CPU.ActiveCfg = Debug|Any CPU
		{33F8033E-443D-4D6A-8AE0-EF726BFB0930}.Debug|Any CPU.Build.0 = Debug|Any CPU
		{33F8033E-443D-4D6A-8AE0-EF726BFB0930}.Release|Any CPU.ActiveCfg = Release|Any CPU
		{33F8033E-443D-4D6A-8AE0-EF726BFB0930}.Release|Any CPU.Build.0 = Release|Any CPU
		{FEC21F24-27A0-4BAF-B98C-9C2E7825C05F}.Debug|Any CPU.ActiveCfg = Debug|Any CPU
		{FEC21F24-27A0-4BAF-B98C-9C2E7825C05F}.Debug|Any CPU.Build.0 = Debug|Any CPU
		{FEC21F24-27A0-4BAF-B98C-9C2E7825C05F}.Release|Any CPU.ActiveCfg = Release|Any CPU
		{FEC21F24-27A0-4BAF-B98C-9C2E7825C05F}.Release|Any CPU.Build.0 = Release|Any CPU
		{718B39E5-D852-480B-A1A3-89511AA680D3}.Debug|Any CPU.ActiveCfg = Debug|Any CPU
		{718B39E5-D852-480B-A1A3-89511AA680D3}.Debug|Any CPU.Build.0 = Debug|Any CPU
		{718B39E5-D852-480B-A1A3-89511AA680D3}.Release|Any CPU.ActiveCfg = Release|Any CPU
		{718B39E5-D852-480B-A1A3-89511AA680D3}.Release|Any CPU.Build.0 = Release|Any CPU
	EndGlobalSection
	GlobalSection(SolutionProperties) = preSolution
		HideSolutionNode = FALSE
	EndGlobalSection
EndGlobal
